// !$*UTF8*$!
{
	archiveVersion = 1;
	classes = {
	};
	objectVersion = 46;
	objects = {

/* Begin PBXBuildFile section */
		4E01BD2317BB62DE00206D8C /* GDALUtility.mm in Sources */ = {isa = PBXBuildFile; fileRef = 4E01BD2217BB62DE00206D8C /* GDALUtility.mm */; };
		4E01BD2517BB632C00206D8C /* libstdc++.dylib in Frameworks */ = {isa = PBXBuildFile; fileRef = 4E01BD2417BB632C00206D8C /* libstdc++.dylib */; };
		4E01BD2717BB633100206D8C /* libiconv.dylib in Frameworks */ = {isa = PBXBuildFile; fileRef = 4E01BD2617BB633100206D8C /* libiconv.dylib */; };
		4E01BD2917BB633700206D8C /* libz.dylib in Frameworks */ = {isa = PBXBuildFile; fileRef = 4E01BD2817BB633700206D8C /* libz.dylib */; };
		4E01BD2B17BB634C00206D8C /* libsqlite3.dylib in Frameworks */ = {isa = PBXBuildFile; fileRef = 4E01BD2A17BB634C00206D8C /* libsqlite3.dylib */; };
		4E1D5A9B1853085F00C2840E /* GPXAuthor.m in Sources */ = {isa = PBXBuildFile; fileRef = 4E1D5A6F1853085F00C2840E /* GPXAuthor.m */; };
		4E1D5A9C1853085F00C2840E /* GPXBounds.m in Sources */ = {isa = PBXBuildFile; fileRef = 4E1D5A711853085F00C2840E /* GPXBounds.m */; };
		4E1D5A9D1853085F00C2840E /* GPXConst.m in Sources */ = {isa = PBXBuildFile; fileRef = 4E1D5A731853085F00C2840E /* GPXConst.m */; };
		4E1D5A9E1853085F00C2840E /* GPXCopyright.m in Sources */ = {isa = PBXBuildFile; fileRef = 4E1D5A751853085F00C2840E /* GPXCopyright.m */; };
		4E1D5A9F1853085F00C2840E /* GPXElement.m in Sources */ = {isa = PBXBuildFile; fileRef = 4E1D5A771853085F00C2840E /* GPXElement.m */; };
		4E1D5AA01853085F00C2840E /* GPXEmail.m in Sources */ = {isa = PBXBuildFile; fileRef = 4E1D5A7A1853085F00C2840E /* GPXEmail.m */; };
		4E1D5AA11853085F00C2840E /* GPXExtensions.m in Sources */ = {isa = PBXBuildFile; fileRef = 4E1D5A7C1853085F00C2840E /* GPXExtensions.m */; };
		4E1D5AA21853085F00C2840E /* GPXLink.m in Sources */ = {isa = PBXBuildFile; fileRef = 4E1D5A7E1853085F00C2840E /* GPXLink.m */; };
		4E1D5AA31853085F00C2840E /* GPXMetadata.m in Sources */ = {isa = PBXBuildFile; fileRef = 4E1D5A801853085F00C2840E /* GPXMetadata.m */; };
		4E1D5AA41853085F00C2840E /* GPXParser.m in Sources */ = {isa = PBXBuildFile; fileRef = 4E1D5A821853085F00C2840E /* GPXParser.m */; };
		4E1D5AA51853085F00C2840E /* GPXPerson.m in Sources */ = {isa = PBXBuildFile; fileRef = 4E1D5A841853085F00C2840E /* GPXPerson.m */; };
		4E1D5AA61853085F00C2840E /* GPXPoint.m in Sources */ = {isa = PBXBuildFile; fileRef = 4E1D5A861853085F00C2840E /* GPXPoint.m */; };
		4E1D5AA71853085F00C2840E /* GPXPointSegment.m in Sources */ = {isa = PBXBuildFile; fileRef = 4E1D5A881853085F00C2840E /* GPXPointSegment.m */; };
		4E1D5AA81853085F00C2840E /* GPXRoot.m in Sources */ = {isa = PBXBuildFile; fileRef = 4E1D5A8A1853085F00C2840E /* GPXRoot.m */; };
		4E1D5AA91853085F00C2840E /* GPXRoute.m in Sources */ = {isa = PBXBuildFile; fileRef = 4E1D5A8C1853085F00C2840E /* GPXRoute.m */; };
		4E1D5AAA1853085F00C2840E /* GPXRoutePoint.m in Sources */ = {isa = PBXBuildFile; fileRef = 4E1D5A8E1853085F00C2840E /* GPXRoutePoint.m */; };
		4E1D5AAB1853085F00C2840E /* GPXTrack.m in Sources */ = {isa = PBXBuildFile; fileRef = 4E1D5A901853085F00C2840E /* GPXTrack.m */; };
		4E1D5AAC1853085F00C2840E /* GPXTrackPoint.m in Sources */ = {isa = PBXBuildFile; fileRef = 4E1D5A921853085F00C2840E /* GPXTrackPoint.m */; };
		4E1D5AAD1853085F00C2840E /* GPXTrackSegment.m in Sources */ = {isa = PBXBuildFile; fileRef = 4E1D5A941853085F00C2840E /* GPXTrackSegment.m */; };
		4E1D5AAE1853085F00C2840E /* GPXType.m in Sources */ = {isa = PBXBuildFile; fileRef = 4E1D5A961853085F00C2840E /* GPXType.m */; };
		4E1D5AAF1853085F00C2840E /* GPXWaypoint.m in Sources */ = {isa = PBXBuildFile; fileRef = 4E1D5A981853085F00C2840E /* GPXWaypoint.m */; };
		4E1D5AB01853085F00C2840E /* GPXXML.m in Sources */ = {isa = PBXBuildFile; fileRef = 4E1D5A9A1853085F00C2840E /* GPXXML.m */; };
		4E2F4F4B17B2282A00BAE0C1 /* EAIActivity.m in Sources */ = {isa = PBXBuildFile; fileRef = 4E2F4F4A17B2282A00BAE0C1 /* EAIActivity.m */; };
		4E4E621617ADB175000BD16C /* Foundation.framework in Frameworks */ = {isa = PBXBuildFile; fileRef = 4E4E621517ADB175000BD16C /* Foundation.framework */; };
		4E4E621817ADB175000BD16C /* CoreGraphics.framework in Frameworks */ = {isa = PBXBuildFile; fileRef = 4E4E621717ADB175000BD16C /* CoreGraphics.framework */; };
		4E4E621A17ADB175000BD16C /* UIKit.framework in Frameworks */ = {isa = PBXBuildFile; fileRef = 4E4E621917ADB175000BD16C /* UIKit.framework */; };
		4E4E622017ADB175000BD16C /* InfoPlist.strings in Resources */ = {isa = PBXBuildFile; fileRef = 4E4E621E17ADB175000BD16C /* InfoPlist.strings */; };
		4E4E622217ADB175000BD16C /* main.m in Sources */ = {isa = PBXBuildFile; fileRef = 4E4E622117ADB175000BD16C /* main.m */; };
		4E4E622617ADB175000BD16C /* EAIAppDelegate.m in Sources */ = {isa = PBXBuildFile; fileRef = 4E4E622517ADB175000BD16C /* EAIAppDelegate.m */; };
		4E4E622917ADB175000BD16C /* Main.storyboard in Resources */ = {isa = PBXBuildFile; fileRef = 4E4E622717ADB175000BD16C /* Main.storyboard */; };
		4E4E622C17ADB175000BD16C /* EAIViewController.m in Sources */ = {isa = PBXBuildFile; fileRef = 4E4E622B17ADB175000BD16C /* EAIViewController.m */; };
		4E4E622E17ADB175000BD16C /* Images.xcassets in Resources */ = {isa = PBXBuildFile; fileRef = 4E4E622D17ADB175000BD16C /* Images.xcassets */; };
		4E4E623517ADB175000BD16C /* XCTest.framework in Frameworks */ = {isa = PBXBuildFile; fileRef = 4E4E623417ADB175000BD16C /* XCTest.framework */; };
		4E4E623617ADB175000BD16C /* Foundation.framework in Frameworks */ = {isa = PBXBuildFile; fileRef = 4E4E621517ADB175000BD16C /* Foundation.framework */; };
		4E4E623717ADB175000BD16C /* UIKit.framework in Frameworks */ = {isa = PBXBuildFile; fileRef = 4E4E621917ADB175000BD16C /* UIKit.framework */; };
		4E4E623F17ADB175000BD16C /* InfoPlist.strings in Resources */ = {isa = PBXBuildFile; fileRef = 4E4E623D17ADB175000BD16C /* InfoPlist.strings */; };
		4E4E624117ADB175000BD16C /* ElevationTestTests.m in Sources */ = {isa = PBXBuildFile; fileRef = 4E4E624017ADB175000BD16C /* ElevationTestTests.m */; };
		4E4E624C17ADB1A6000BD16C /* EAIElevationTask.m in Sources */ = {isa = PBXBuildFile; fileRef = 4E4E624B17ADB1A6000BD16C /* EAIElevationTask.m */; };
		4E4E628317ADB32F000BD16C /* AFHTTPClient.m in Sources */ = {isa = PBXBuildFile; fileRef = 4E4E627117ADB32F000BD16C /* AFHTTPClient.m */; };
		4E4E628417ADB32F000BD16C /* AFHTTPRequestOperation.m in Sources */ = {isa = PBXBuildFile; fileRef = 4E4E627317ADB32F000BD16C /* AFHTTPRequestOperation.m */; };
		4E4E628517ADB32F000BD16C /* AFImageRequestOperation.m in Sources */ = {isa = PBXBuildFile; fileRef = 4E4E627517ADB32F000BD16C /* AFImageRequestOperation.m */; };
		4E4E628617ADB32F000BD16C /* AFJSONRequestOperation.m in Sources */ = {isa = PBXBuildFile; fileRef = 4E4E627717ADB32F000BD16C /* AFJSONRequestOperation.m */; };
		4E4E628717ADB32F000BD16C /* AFNetworkActivityIndicatorManager.m in Sources */ = {isa = PBXBuildFile; fileRef = 4E4E627917ADB32F000BD16C /* AFNetworkActivityIndicatorManager.m */; };
		4E4E628817ADB32F000BD16C /* AFPropertyListRequestOperation.m in Sources */ = {isa = PBXBuildFile; fileRef = 4E4E627C17ADB32F000BD16C /* AFPropertyListRequestOperation.m */; };
		4E4E628917ADB32F000BD16C /* AFURLConnectionOperation.m in Sources */ = {isa = PBXBuildFile; fileRef = 4E4E627E17ADB32F000BD16C /* AFURLConnectionOperation.m */; };
		4E4E628A17ADB32F000BD16C /* AFXMLRequestOperation.m in Sources */ = {isa = PBXBuildFile; fileRef = 4E4E628017ADB32F000BD16C /* AFXMLRequestOperation.m */; };
		4E4E628B17ADB32F000BD16C /* UIImageView+AFNetworking.m in Sources */ = {isa = PBXBuildFile; fileRef = 4E4E628217ADB32F000BD16C /* UIImageView+AFNetworking.m */; };
		4E4E629617ADBB0A000BD16C /* EAILocation.m in Sources */ = {isa = PBXBuildFile; fileRef = 4E4E629517ADBB0A000BD16C /* EAILocation.m */; };
		4E4E629E17AF1587000BD16C /* MapKit.framework in Frameworks */ = {isa = PBXBuildFile; fileRef = 4E4E629D17AF1587000BD16C /* MapKit.framework */; };
		4E4E62A117AF1827000BD16C /* EAIElevationProfileView.m in Sources */ = {isa = PBXBuildFile; fileRef = 4E4E62A017AF1827000BD16C /* EAIElevationProfileView.m */; };
		4E8A880B18147F7400303886 /* EAISpeedProfileView.m in Sources */ = {isa = PBXBuildFile; fileRef = 4E8A880A18147F7400303886 /* EAISpeedProfileView.m */; };
		4E9ED05417B37A8500BEBF3D /* PopoverView.m in Sources */ = {isa = PBXBuildFile; fileRef = 4E9ED05217B37A8500BEBF3D /* PopoverView.m */; };
		4E9ED05717B37DCC00BEBF3D /* EAIActivityListViewController.m in Sources */ = {isa = PBXBuildFile; fileRef = 4E9ED05617B37DCC00BEBF3D /* EAIActivityListViewController.m */; };
/* End PBXBuildFile section */

/* Begin PBXContainerItemProxy section */
		4E4E623817ADB175000BD16C /* PBXContainerItemProxy */ = {
			isa = PBXContainerItemProxy;
			containerPortal = 4E4E620A17ADB175000BD16C /* Project object */;
			proxyType = 1;
			remoteGlobalIDString = 4E4E621117ADB175000BD16C;
			remoteInfo = ElevationTest;
		};
/* End PBXContainerItemProxy section */

/* Begin PBXFileReference section */
		4E01BD2117BB62DE00206D8C /* GDALUtility.h */ = {isa = PBXFileReference; fileEncoding = 4; lastKnownFileType = sourcecode.c.h; path = GDALUtility.h; sourceTree = "<group>"; };
		4E01BD2217BB62DE00206D8C /* GDALUtility.mm */ = {isa = PBXFileReference; fileEncoding = 4; lastKnownFileType = sourcecode.cpp.objcpp; path = GDALUtility.mm; sourceTree = "<group>"; };
		4E01BD2417BB632C00206D8C /* libstdc++.dylib */ = {isa = PBXFileReference; lastKnownFileType = "compiled.mach-o.dylib"; name = "libstdc++.dylib"; path = "usr/lib/libstdc++.dylib"; sourceTree = SDKROOT; };
		4E01BD2617BB633100206D8C /* libiconv.dylib */ = {isa = PBXFileReference; lastKnownFileType = "compiled.mach-o.dylib"; name = libiconv.dylib; path = usr/lib/libiconv.dylib; sourceTree = SDKROOT; };
		4E01BD2817BB633700206D8C /* libz.dylib */ = {isa = PBXFileReference; lastKnownFileType = "compiled.mach-o.dylib"; name = libz.dylib; path = usr/lib/libz.dylib; sourceTree = SDKROOT; };
		4E01BD2A17BB634C00206D8C /* libsqlite3.dylib */ = {isa = PBXFileReference; lastKnownFileType = "compiled.mach-o.dylib"; name = libsqlite3.dylib; path = usr/lib/libsqlite3.dylib; sourceTree = SDKROOT; };
		4E1D5A6D1853085F00C2840E /* GPX.h */ = {isa = PBXFileReference; fileEncoding = 4; lastKnownFileType = sourcecode.c.h; name = GPX.h; path = "iOS-GPX-Framework/GPX/GPX.h"; sourceTree = SOURCE_ROOT; };
		4E1D5A6E1853085F00C2840E /* GPXAuthor.h */ = {isa = PBXFileReference; fileEncoding = 4; lastKnownFileType = sourcecode.c.h; name = GPXAuthor.h; path = "iOS-GPX-Framework/GPX/GPXAuthor.h"; sourceTree = SOURCE_ROOT; };
		4E1D5A6F1853085F00C2840E /* GPXAuthor.m */ = {isa = PBXFileReference; fileEncoding = 4; lastKnownFileType = sourcecode.c.objc; name = GPXAuthor.m; path = "iOS-GPX-Framework/GPX/GPXAuthor.m"; sourceTree = SOURCE_ROOT; };
		4E1D5A701853085F00C2840E /* GPXBounds.h */ = {isa = PBXFileReference; fileEncoding = 4; lastKnownFileType = sourcecode.c.h; name = GPXBounds.h; path = "iOS-GPX-Framework/GPX/GPXBounds.h"; sourceTree = SOURCE_ROOT; };
		4E1D5A711853085F00C2840E /* GPXBounds.m */ = {isa = PBXFileReference; fileEncoding = 4; lastKnownFileType = sourcecode.c.objc; name = GPXBounds.m; path = "iOS-GPX-Framework/GPX/GPXBounds.m"; sourceTree = SOURCE_ROOT; };
		4E1D5A721853085F00C2840E /* GPXConst.h */ = {isa = PBXFileReference; fileEncoding = 4; lastKnownFileType = sourcecode.c.h; name = GPXConst.h; path = "iOS-GPX-Framework/GPX/GPXConst.h"; sourceTree = SOURCE_ROOT; };
		4E1D5A731853085F00C2840E /* GPXConst.m */ = {isa = PBXFileReference; fileEncoding = 4; lastKnownFileType = sourcecode.c.objc; name = GPXConst.m; path = "iOS-GPX-Framework/GPX/GPXConst.m"; sourceTree = SOURCE_ROOT; };
		4E1D5A741853085F00C2840E /* GPXCopyright.h */ = {isa = PBXFileReference; fileEncoding = 4; lastKnownFileType = sourcecode.c.h; name = GPXCopyright.h; path = "iOS-GPX-Framework/GPX/GPXCopyright.h"; sourceTree = SOURCE_ROOT; };
		4E1D5A751853085F00C2840E /* GPXCopyright.m */ = {isa = PBXFileReference; fileEncoding = 4; lastKnownFileType = sourcecode.c.objc; name = GPXCopyright.m; path = "iOS-GPX-Framework/GPX/GPXCopyright.m"; sourceTree = SOURCE_ROOT; };
		4E1D5A761853085F00C2840E /* GPXElement.h */ = {isa = PBXFileReference; fileEncoding = 4; lastKnownFileType = sourcecode.c.h; name = GPXElement.h; path = "iOS-GPX-Framework/GPX/GPXElement.h"; sourceTree = SOURCE_ROOT; };
		4E1D5A771853085F00C2840E /* GPXElement.m */ = {isa = PBXFileReference; fileEncoding = 4; lastKnownFileType = sourcecode.c.objc; name = GPXElement.m; path = "iOS-GPX-Framework/GPX/GPXElement.m"; sourceTree = SOURCE_ROOT; };
		4E1D5A781853085F00C2840E /* GPXElementSubclass.h */ = {isa = PBXFileReference; fileEncoding = 4; lastKnownFileType = sourcecode.c.h; name = GPXElementSubclass.h; path = "iOS-GPX-Framework/GPX/GPXElementSubclass.h"; sourceTree = SOURCE_ROOT; };
		4E1D5A791853085F00C2840E /* GPXEmail.h */ = {isa = PBXFileReference; fileEncoding = 4; lastKnownFileType = sourcecode.c.h; name = GPXEmail.h; path = "iOS-GPX-Framework/GPX/GPXEmail.h"; sourceTree = SOURCE_ROOT; };
		4E1D5A7A1853085F00C2840E /* GPXEmail.m */ = {isa = PBXFileReference; fileEncoding = 4; lastKnownFileType = sourcecode.c.objc; name = GPXEmail.m; path = "iOS-GPX-Framework/GPX/GPXEmail.m"; sourceTree = SOURCE_ROOT; };
		4E1D5A7B1853085F00C2840E /* GPXExtensions.h */ = {isa = PBXFileReference; fileEncoding = 4; lastKnownFileType = sourcecode.c.h; name = GPXExtensions.h; path = "iOS-GPX-Framework/GPX/GPXExtensions.h"; sourceTree = SOURCE_ROOT; };
		4E1D5A7C1853085F00C2840E /* GPXExtensions.m */ = {isa = PBXFileReference; fileEncoding = 4; lastKnownFileType = sourcecode.c.objc; name = GPXExtensions.m; path = "iOS-GPX-Framework/GPX/GPXExtensions.m"; sourceTree = SOURCE_ROOT; };
		4E1D5A7D1853085F00C2840E /* GPXLink.h */ = {isa = PBXFileReference; fileEncoding = 4; lastKnownFileType = sourcecode.c.h; name = GPXLink.h; path = "iOS-GPX-Framework/GPX/GPXLink.h"; sourceTree = SOURCE_ROOT; };
		4E1D5A7E1853085F00C2840E /* GPXLink.m */ = {isa = PBXFileReference; fileEncoding = 4; lastKnownFileType = sourcecode.c.objc; name = GPXLink.m; path = "iOS-GPX-Framework/GPX/GPXLink.m"; sourceTree = SOURCE_ROOT; };
		4E1D5A7F1853085F00C2840E /* GPXMetadata.h */ = {isa = PBXFileReference; fileEncoding = 4; lastKnownFileType = sourcecode.c.h; name = GPXMetadata.h; path = "iOS-GPX-Framework/GPX/GPXMetadata.h"; sourceTree = SOURCE_ROOT; };
		4E1D5A801853085F00C2840E /* GPXMetadata.m */ = {isa = PBXFileReference; fileEncoding = 4; lastKnownFileType = sourcecode.c.objc; name = GPXMetadata.m; path = "iOS-GPX-Framework/GPX/GPXMetadata.m"; sourceTree = SOURCE_ROOT; };
		4E1D5A811853085F00C2840E /* GPXParser.h */ = {isa = PBXFileReference; fileEncoding = 4; lastKnownFileType = sourcecode.c.h; name = GPXParser.h; path = "iOS-GPX-Framework/GPX/GPXParser.h"; sourceTree = SOURCE_ROOT; };
		4E1D5A821853085F00C2840E /* GPXParser.m */ = {isa = PBXFileReference; fileEncoding = 4; lastKnownFileType = sourcecode.c.objc; name = GPXParser.m; path = "iOS-GPX-Framework/GPX/GPXParser.m"; sourceTree = SOURCE_ROOT; };
		4E1D5A831853085F00C2840E /* GPXPerson.h */ = {isa = PBXFileReference; fileEncoding = 4; lastKnownFileType = sourcecode.c.h; name = GPXPerson.h; path = "iOS-GPX-Framework/GPX/GPXPerson.h"; sourceTree = SOURCE_ROOT; };
		4E1D5A841853085F00C2840E /* GPXPerson.m */ = {isa = PBXFileReference; fileEncoding = 4; lastKnownFileType = sourcecode.c.objc; name = GPXPerson.m; path = "iOS-GPX-Framework/GPX/GPXPerson.m"; sourceTree = SOURCE_ROOT; };
		4E1D5A851853085F00C2840E /* GPXPoint.h */ = {isa = PBXFileReference; fileEncoding = 4; lastKnownFileType = sourcecode.c.h; name = GPXPoint.h; path = "iOS-GPX-Framework/GPX/GPXPoint.h"; sourceTree = SOURCE_ROOT; };
		4E1D5A861853085F00C2840E /* GPXPoint.m */ = {isa = PBXFileReference; fileEncoding = 4; lastKnownFileType = sourcecode.c.objc; name = GPXPoint.m; path = "iOS-GPX-Framework/GPX/GPXPoint.m"; sourceTree = SOURCE_ROOT; };
		4E1D5A871853085F00C2840E /* GPXPointSegment.h */ = {isa = PBXFileReference; fileEncoding = 4; lastKnownFileType = sourcecode.c.h; name = GPXPointSegment.h; path = "iOS-GPX-Framework/GPX/GPXPointSegment.h"; sourceTree = SOURCE_ROOT; };
		4E1D5A881853085F00C2840E /* GPXPointSegment.m */ = {isa = PBXFileReference; fileEncoding = 4; lastKnownFileType = sourcecode.c.objc; name = GPXPointSegment.m; path = "iOS-GPX-Framework/GPX/GPXPointSegment.m"; sourceTree = SOURCE_ROOT; };
		4E1D5A891853085F00C2840E /* GPXRoot.h */ = {isa = PBXFileReference; fileEncoding = 4; lastKnownFileType = sourcecode.c.h; name = GPXRoot.h; path = "iOS-GPX-Framework/GPX/GPXRoot.h"; sourceTree = SOURCE_ROOT; };
		4E1D5A8A1853085F00C2840E /* GPXRoot.m */ = {isa = PBXFileReference; fileEncoding = 4; lastKnownFileType = sourcecode.c.objc; name = GPXRoot.m; path = "iOS-GPX-Framework/GPX/GPXRoot.m"; sourceTree = SOURCE_ROOT; };
		4E1D5A8B1853085F00C2840E /* GPXRoute.h */ = {isa = PBXFileReference; fileEncoding = 4; lastKnownFileType = sourcecode.c.h; name = GPXRoute.h; path = "iOS-GPX-Framework/GPX/GPXRoute.h"; sourceTree = SOURCE_ROOT; };
		4E1D5A8C1853085F00C2840E /* GPXRoute.m */ = {isa = PBXFileReference; fileEncoding = 4; lastKnownFileType = sourcecode.c.objc; name = GPXRoute.m; path = "iOS-GPX-Framework/GPX/GPXRoute.m"; sourceTree = SOURCE_ROOT; };
		4E1D5A8D1853085F00C2840E /* GPXRoutePoint.h */ = {isa = PBXFileReference; fileEncoding = 4; lastKnownFileType = sourcecode.c.h; name = GPXRoutePoint.h; path = "iOS-GPX-Framework/GPX/GPXRoutePoint.h"; sourceTree = SOURCE_ROOT; };
		4E1D5A8E1853085F00C2840E /* GPXRoutePoint.m */ = {isa = PBXFileReference; fileEncoding = 4; lastKnownFileType = sourcecode.c.objc; name = GPXRoutePoint.m; path = "iOS-GPX-Framework/GPX/GPXRoutePoint.m"; sourceTree = SOURCE_ROOT; };
		4E1D5A8F1853085F00C2840E /* GPXTrack.h */ = {isa = PBXFileReference; fileEncoding = 4; lastKnownFileType = sourcecode.c.h; name = GPXTrack.h; path = "iOS-GPX-Framework/GPX/GPXTrack.h"; sourceTree = SOURCE_ROOT; };
		4E1D5A901853085F00C2840E /* GPXTrack.m */ = {isa = PBXFileReference; fileEncoding = 4; lastKnownFileType = sourcecode.c.objc; name = GPXTrack.m; path = "iOS-GPX-Framework/GPX/GPXTrack.m"; sourceTree = SOURCE_ROOT; };
		4E1D5A911853085F00C2840E /* GPXTrackPoint.h */ = {isa = PBXFileReference; fileEncoding = 4; lastKnownFileType = sourcecode.c.h; name = GPXTrackPoint.h; path = "iOS-GPX-Framework/GPX/GPXTrackPoint.h"; sourceTree = SOURCE_ROOT; };
		4E1D5A921853085F00C2840E /* GPXTrackPoint.m */ = {isa = PBXFileReference; fileEncoding = 4; lastKnownFileType = sourcecode.c.objc; name = GPXTrackPoint.m; path = "iOS-GPX-Framework/GPX/GPXTrackPoint.m"; sourceTree = SOURCE_ROOT; };
		4E1D5A931853085F00C2840E /* GPXTrackSegment.h */ = {isa = PBXFileReference; fileEncoding = 4; lastKnownFileType = sourcecode.c.h; name = GPXTrackSegment.h; path = "iOS-GPX-Framework/GPX/GPXTrackSegment.h"; sourceTree = SOURCE_ROOT; };
		4E1D5A941853085F00C2840E /* GPXTrackSegment.m */ = {isa = PBXFileReference; fileEncoding = 4; lastKnownFileType = sourcecode.c.objc; name = GPXTrackSegment.m; path = "iOS-GPX-Framework/GPX/GPXTrackSegment.m"; sourceTree = SOURCE_ROOT; };
		4E1D5A951853085F00C2840E /* GPXType.h */ = {isa = PBXFileReference; fileEncoding = 4; lastKnownFileType = sourcecode.c.h; name = GPXType.h; path = "iOS-GPX-Framework/GPX/GPXType.h"; sourceTree = SOURCE_ROOT; };
		4E1D5A961853085F00C2840E /* GPXType.m */ = {isa = PBXFileReference; fileEncoding = 4; lastKnownFileType = sourcecode.c.objc; name = GPXType.m; path = "iOS-GPX-Framework/GPX/GPXType.m"; sourceTree = SOURCE_ROOT; };
		4E1D5A971853085F00C2840E /* GPXWaypoint.h */ = {isa = PBXFileReference; fileEncoding = 4; lastKnownFileType = sourcecode.c.h; name = GPXWaypoint.h; path = "iOS-GPX-Framework/GPX/GPXWaypoint.h"; sourceTree = SOURCE_ROOT; };
		4E1D5A981853085F00C2840E /* GPXWaypoint.m */ = {isa = PBXFileReference; fileEncoding = 4; lastKnownFileType = sourcecode.c.objc; name = GPXWaypoint.m; path = "iOS-GPX-Framework/GPX/GPXWaypoint.m"; sourceTree = SOURCE_ROOT; };
		4E1D5A991853085F00C2840E /* GPXXML.h */ = {isa = PBXFileReference; fileEncoding = 4; lastKnownFileType = sourcecode.c.h; name = GPXXML.h; path = "iOS-GPX-Framework/GPX/GPXXML.h"; sourceTree = SOURCE_ROOT; };
		4E1D5A9A1853085F00C2840E /* GPXXML.m */ = {isa = PBXFileReference; fileEncoding = 4; lastKnownFileType = sourcecode.c.objc; name = GPXXML.m; path = "iOS-GPX-Framework/GPX/GPXXML.m"; sourceTree = SOURCE_ROOT; };
		4E2F4F4917B2282A00BAE0C1 /* EAIActivity.h */ = {isa = PBXFileReference; fileEncoding = 4; lastKnownFileType = sourcecode.c.h; path = EAIActivity.h; sourceTree = "<group>"; };
		4E2F4F4A17B2282A00BAE0C1 /* EAIActivity.m */ = {isa = PBXFileReference; fileEncoding = 4; lastKnownFileType = sourcecode.c.objc; path = EAIActivity.m; sourceTree = "<group>"; };
		4E4E621217ADB175000BD16C /* ElevationTest.app */ = {isa = PBXFileReference; explicitFileType = wrapper.application; includeInIndex = 0; path = ElevationTest.app; sourceTree = BUILT_PRODUCTS_DIR; };
		4E4E621517ADB175000BD16C /* Foundation.framework */ = {isa = PBXFileReference; lastKnownFileType = wrapper.framework; name = Foundation.framework; path = System/Library/Frameworks/Foundation.framework; sourceTree = SDKROOT; };
		4E4E621717ADB175000BD16C /* CoreGraphics.framework */ = {isa = PBXFileReference; lastKnownFileType = wrapper.framework; name = CoreGraphics.framework; path = System/Library/Frameworks/CoreGraphics.framework; sourceTree = SDKROOT; };
		4E4E621917ADB175000BD16C /* UIKit.framework */ = {isa = PBXFileReference; lastKnownFileType = wrapper.framework; name = UIKit.framework; path = System/Library/Frameworks/UIKit.framework; sourceTree = SDKROOT; };
		4E4E621D17ADB175000BD16C /* ElevationTest-Info.plist */ = {isa = PBXFileReference; lastKnownFileType = text.plist.xml; path = "ElevationTest-Info.plist"; sourceTree = "<group>"; };
		4E4E621F17ADB175000BD16C /* en */ = {isa = PBXFileReference; lastKnownFileType = text.plist.strings; name = en; path = en.lproj/InfoPlist.strings; sourceTree = "<group>"; };
		4E4E622117ADB175000BD16C /* main.m */ = {isa = PBXFileReference; lastKnownFileType = sourcecode.c.objc; path = main.m; sourceTree = "<group>"; };
		4E4E622317ADB175000BD16C /* ElevationTest-Prefix.pch */ = {isa = PBXFileReference; lastKnownFileType = sourcecode.c.h; path = "ElevationTest-Prefix.pch"; sourceTree = "<group>"; };
		4E4E622417ADB175000BD16C /* EAIAppDelegate.h */ = {isa = PBXFileReference; lastKnownFileType = sourcecode.c.h; path = EAIAppDelegate.h; sourceTree = "<group>"; };
		4E4E622517ADB175000BD16C /* EAIAppDelegate.m */ = {isa = PBXFileReference; lastKnownFileType = sourcecode.c.objc; path = EAIAppDelegate.m; sourceTree = "<group>"; };
		4E4E622817ADB175000BD16C /* Base */ = {isa = PBXFileReference; lastKnownFileType = file.storyboard; name = Base; path = Base.lproj/Main.storyboard; sourceTree = "<group>"; };
		4E4E622A17ADB175000BD16C /* EAIViewController.h */ = {isa = PBXFileReference; lastKnownFileType = sourcecode.c.h; path = EAIViewController.h; sourceTree = "<group>"; };
		4E4E622B17ADB175000BD16C /* EAIViewController.m */ = {isa = PBXFileReference; lastKnownFileType = sourcecode.c.objc; path = EAIViewController.m; sourceTree = "<group>"; };
		4E4E622D17ADB175000BD16C /* Images.xcassets */ = {isa = PBXFileReference; lastKnownFileType = folder.assetcatalog; path = Images.xcassets; sourceTree = "<group>"; };
		4E4E623317ADB175000BD16C /* ElevationTestTests.xctest */ = {isa = PBXFileReference; explicitFileType = wrapper.cfbundle; includeInIndex = 0; path = ElevationTestTests.xctest; sourceTree = BUILT_PRODUCTS_DIR; };
		4E4E623417ADB175000BD16C /* XCTest.framework */ = {isa = PBXFileReference; lastKnownFileType = wrapper.framework; name = XCTest.framework; path = Library/Frameworks/XCTest.framework; sourceTree = DEVELOPER_DIR; };
		4E4E623C17ADB175000BD16C /* ElevationTestTests-Info.plist */ = {isa = PBXFileReference; lastKnownFileType = text.plist.xml; path = "ElevationTestTests-Info.plist"; sourceTree = "<group>"; };
		4E4E623E17ADB175000BD16C /* en */ = {isa = PBXFileReference; lastKnownFileType = text.plist.strings; name = en; path = en.lproj/InfoPlist.strings; sourceTree = "<group>"; };
		4E4E624017ADB175000BD16C /* ElevationTestTests.m */ = {isa = PBXFileReference; lastKnownFileType = sourcecode.c.objc; path = ElevationTestTests.m; sourceTree = "<group>"; };
		4E4E624A17ADB1A6000BD16C /* EAIElevationTask.h */ = {isa = PBXFileReference; fileEncoding = 4; lastKnownFileType = sourcecode.c.h; path = EAIElevationTask.h; sourceTree = "<group>"; };
		4E4E624B17ADB1A6000BD16C /* EAIElevationTask.m */ = {isa = PBXFileReference; fileEncoding = 4; lastKnownFileType = sourcecode.c.objc; path = EAIElevationTask.m; sourceTree = "<group>"; };
		4E4E627017ADB32F000BD16C /* AFHTTPClient.h */ = {isa = PBXFileReference; fileEncoding = 4; lastKnownFileType = sourcecode.c.h; path = AFHTTPClient.h; sourceTree = "<group>"; };
		4E4E627117ADB32F000BD16C /* AFHTTPClient.m */ = {isa = PBXFileReference; fileEncoding = 4; lastKnownFileType = sourcecode.c.objc; path = AFHTTPClient.m; sourceTree = "<group>"; };
		4E4E627217ADB32F000BD16C /* AFHTTPRequestOperation.h */ = {isa = PBXFileReference; fileEncoding = 4; lastKnownFileType = sourcecode.c.h; path = AFHTTPRequestOperation.h; sourceTree = "<group>"; };
		4E4E627317ADB32F000BD16C /* AFHTTPRequestOperation.m */ = {isa = PBXFileReference; fileEncoding = 4; lastKnownFileType = sourcecode.c.objc; path = AFHTTPRequestOperation.m; sourceTree = "<group>"; };
		4E4E627417ADB32F000BD16C /* AFImageRequestOperation.h */ = {isa = PBXFileReference; fileEncoding = 4; lastKnownFileType = sourcecode.c.h; path = AFImageRequestOperation.h; sourceTree = "<group>"; };
		4E4E627517ADB32F000BD16C /* AFImageRequestOperation.m */ = {isa = PBXFileReference; fileEncoding = 4; lastKnownFileType = sourcecode.c.objc; path = AFImageRequestOperation.m; sourceTree = "<group>"; };
		4E4E627617ADB32F000BD16C /* AFJSONRequestOperation.h */ = {isa = PBXFileReference; fileEncoding = 4; lastKnownFileType = sourcecode.c.h; path = AFJSONRequestOperation.h; sourceTree = "<group>"; };
		4E4E627717ADB32F000BD16C /* AFJSONRequestOperation.m */ = {isa = PBXFileReference; fileEncoding = 4; lastKnownFileType = sourcecode.c.objc; path = AFJSONRequestOperation.m; sourceTree = "<group>"; };
		4E4E627817ADB32F000BD16C /* AFNetworkActivityIndicatorManager.h */ = {isa = PBXFileReference; fileEncoding = 4; lastKnownFileType = sourcecode.c.h; path = AFNetworkActivityIndicatorManager.h; sourceTree = "<group>"; };
		4E4E627917ADB32F000BD16C /* AFNetworkActivityIndicatorManager.m */ = {isa = PBXFileReference; fileEncoding = 4; lastKnownFileType = sourcecode.c.objc; path = AFNetworkActivityIndicatorManager.m; sourceTree = "<group>"; };
		4E4E627A17ADB32F000BD16C /* AFNetworking.h */ = {isa = PBXFileReference; fileEncoding = 4; lastKnownFileType = sourcecode.c.h; path = AFNetworking.h; sourceTree = "<group>"; };
		4E4E627B17ADB32F000BD16C /* AFPropertyListRequestOperation.h */ = {isa = PBXFileReference; fileEncoding = 4; lastKnownFileType = sourcecode.c.h; path = AFPropertyListRequestOperation.h; sourceTree = "<group>"; };
		4E4E627C17ADB32F000BD16C /* AFPropertyListRequestOperation.m */ = {isa = PBXFileReference; fileEncoding = 4; lastKnownFileType = sourcecode.c.objc; path = AFPropertyListRequestOperation.m; sourceTree = "<group>"; };
		4E4E627D17ADB32F000BD16C /* AFURLConnectionOperation.h */ = {isa = PBXFileReference; fileEncoding = 4; lastKnownFileType = sourcecode.c.h; path = AFURLConnectionOperation.h; sourceTree = "<group>"; };
		4E4E627E17ADB32F000BD16C /* AFURLConnectionOperation.m */ = {isa = PBXFileReference; fileEncoding = 4; lastKnownFileType = sourcecode.c.objc; path = AFURLConnectionOperation.m; sourceTree = "<group>"; };
		4E4E627F17ADB32F000BD16C /* AFXMLRequestOperation.h */ = {isa = PBXFileReference; fileEncoding = 4; lastKnownFileType = sourcecode.c.h; path = AFXMLRequestOperation.h; sourceTree = "<group>"; };
		4E4E628017ADB32F000BD16C /* AFXMLRequestOperation.m */ = {isa = PBXFileReference; fileEncoding = 4; lastKnownFileType = sourcecode.c.objc; path = AFXMLRequestOperation.m; sourceTree = "<group>"; };
		4E4E628117ADB32F000BD16C /* UIImageView+AFNetworking.h */ = {isa = PBXFileReference; fileEncoding = 4; lastKnownFileType = sourcecode.c.h; path = "UIImageView+AFNetworking.h"; sourceTree = "<group>"; };
		4E4E628217ADB32F000BD16C /* UIImageView+AFNetworking.m */ = {isa = PBXFileReference; fileEncoding = 4; lastKnownFileType = sourcecode.c.objc; path = "UIImageView+AFNetworking.m"; sourceTree = "<group>"; };
		4E4E629417ADBB0A000BD16C /* EAILocation.h */ = {isa = PBXFileReference; fileEncoding = 4; lastKnownFileType = sourcecode.c.h; path = EAILocation.h; sourceTree = "<group>"; };
		4E4E629517ADBB0A000BD16C /* EAILocation.m */ = {isa = PBXFileReference; fileEncoding = 4; lastKnownFileType = sourcecode.c.objc; path = EAILocation.m; sourceTree = "<group>"; };
		4E4E629D17AF1587000BD16C /* MapKit.framework */ = {isa = PBXFileReference; lastKnownFileType = wrapper.framework; name = MapKit.framework; path = System/Library/Frameworks/MapKit.framework; sourceTree = SDKROOT; };
		4E4E629F17AF1827000BD16C /* EAIElevationProfileView.h */ = {isa = PBXFileReference; fileEncoding = 4; lastKnownFileType = sourcecode.c.h; path = EAIElevationProfileView.h; sourceTree = "<group>"; };
		4E4E62A017AF1827000BD16C /* EAIElevationProfileView.m */ = {isa = PBXFileReference; fileEncoding = 4; lastKnownFileType = sourcecode.c.objc; path = EAIElevationProfileView.m; sourceTree = "<group>"; };
		4E8A880918147F7400303886 /* EAISpeedProfileView.h */ = {isa = PBXFileReference; fileEncoding = 4; lastKnownFileType = sourcecode.c.h; path = EAISpeedProfileView.h; sourceTree = "<group>"; };
		4E8A880A18147F7400303886 /* EAISpeedProfileView.m */ = {isa = PBXFileReference; fileEncoding = 4; lastKnownFileType = sourcecode.c.objc; path = EAISpeedProfileView.m; sourceTree = "<group>"; };
		4E9ED05017B37A8500BEBF3D /* PopoverView_Configuration.h */ = {isa = PBXFileReference; fileEncoding = 4; lastKnownFileType = sourcecode.c.h; path = PopoverView_Configuration.h; sourceTree = "<group>"; };
		4E9ED05117B37A8500BEBF3D /* PopoverView.h */ = {isa = PBXFileReference; fileEncoding = 4; lastKnownFileType = sourcecode.c.h; path = PopoverView.h; sourceTree = "<group>"; };
		4E9ED05217B37A8500BEBF3D /* PopoverView.m */ = {isa = PBXFileReference; fileEncoding = 4; lastKnownFileType = sourcecode.c.objc; path = PopoverView.m; sourceTree = "<group>"; };
		4E9ED05317B37A8500BEBF3D /* PopoverViewCompatibility.h */ = {isa = PBXFileReference; fileEncoding = 4; lastKnownFileType = sourcecode.c.h; path = PopoverViewCompatibility.h; sourceTree = "<group>"; };
		4E9ED05517B37DCC00BEBF3D /* EAIActivityListViewController.h */ = {isa = PBXFileReference; fileEncoding = 4; lastKnownFileType = sourcecode.c.h; path = EAIActivityListViewController.h; sourceTree = "<group>"; };
		4E9ED05617B37DCC00BEBF3D /* EAIActivityListViewController.m */ = {isa = PBXFileReference; fileEncoding = 4; lastKnownFileType = sourcecode.c.objc; path = EAIActivityListViewController.m; sourceTree = "<group>"; };
/* End PBXFileReference section */

/* Begin PBXFrameworksBuildPhase section */
		4E4E620F17ADB175000BD16C /* Frameworks */ = {
			isa = PBXFrameworksBuildPhase;
			buildActionMask = 2147483647;
			files = (
				4E01BD2B17BB634C00206D8C /* libsqlite3.dylib in Frameworks */,
				4E01BD2917BB633700206D8C /* libz.dylib in Frameworks */,
				4E01BD2717BB633100206D8C /* libiconv.dylib in Frameworks */,
				4E01BD2517BB632C00206D8C /* libstdc++.dylib in Frameworks */,
				4E4E629E17AF1587000BD16C /* MapKit.framework in Frameworks */,
				4E4E621817ADB175000BD16C /* CoreGraphics.framework in Frameworks */,
				4E4E621A17ADB175000BD16C /* UIKit.framework in Frameworks */,
				4E4E621617ADB175000BD16C /* Foundation.framework in Frameworks */,
			);
			runOnlyForDeploymentPostprocessing = 0;
		};
		4E4E623017ADB175000BD16C /* Frameworks */ = {
			isa = PBXFrameworksBuildPhase;
			buildActionMask = 2147483647;
			files = (
				4E4E623517ADB175000BD16C /* XCTest.framework in Frameworks */,
				4E4E623717ADB175000BD16C /* UIKit.framework in Frameworks */,
				4E4E623617ADB175000BD16C /* Foundation.framework in Frameworks */,
			);
			runOnlyForDeploymentPostprocessing = 0;
		};
/* End PBXFrameworksBuildPhase section */

/* Begin PBXGroup section */
		4E1D5A6C1853081C00C2840E /* GPX */ = {
			isa = PBXGroup;
			children = (
				4E1D5A6D1853085F00C2840E /* GPX.h */,
				4E1D5A6E1853085F00C2840E /* GPXAuthor.h */,
				4E1D5A6F1853085F00C2840E /* GPXAuthor.m */,
				4E1D5A701853085F00C2840E /* GPXBounds.h */,
				4E1D5A711853085F00C2840E /* GPXBounds.m */,
				4E1D5A721853085F00C2840E /* GPXConst.h */,
				4E1D5A731853085F00C2840E /* GPXConst.m */,
				4E1D5A741853085F00C2840E /* GPXCopyright.h */,
				4E1D5A751853085F00C2840E /* GPXCopyright.m */,
				4E1D5A761853085F00C2840E /* GPXElement.h */,
				4E1D5A771853085F00C2840E /* GPXElement.m */,
				4E1D5A781853085F00C2840E /* GPXElementSubclass.h */,
				4E1D5A791853085F00C2840E /* GPXEmail.h */,
				4E1D5A7A1853085F00C2840E /* GPXEmail.m */,
				4E1D5A7B1853085F00C2840E /* GPXExtensions.h */,
				4E1D5A7C1853085F00C2840E /* GPXExtensions.m */,
				4E1D5A7D1853085F00C2840E /* GPXLink.h */,
				4E1D5A7E1853085F00C2840E /* GPXLink.m */,
				4E1D5A7F1853085F00C2840E /* GPXMetadata.h */,
				4E1D5A801853085F00C2840E /* GPXMetadata.m */,
				4E1D5A811853085F00C2840E /* GPXParser.h */,
				4E1D5A821853085F00C2840E /* GPXParser.m */,
				4E1D5A831853085F00C2840E /* GPXPerson.h */,
				4E1D5A841853085F00C2840E /* GPXPerson.m */,
				4E1D5A851853085F00C2840E /* GPXPoint.h */,
				4E1D5A861853085F00C2840E /* GPXPoint.m */,
				4E1D5A871853085F00C2840E /* GPXPointSegment.h */,
				4E1D5A881853085F00C2840E /* GPXPointSegment.m */,
				4E1D5A891853085F00C2840E /* GPXRoot.h */,
				4E1D5A8A1853085F00C2840E /* GPXRoot.m */,
				4E1D5A8B1853085F00C2840E /* GPXRoute.h */,
				4E1D5A8C1853085F00C2840E /* GPXRoute.m */,
				4E1D5A8D1853085F00C2840E /* GPXRoutePoint.h */,
				4E1D5A8E1853085F00C2840E /* GPXRoutePoint.m */,
				4E1D5A8F1853085F00C2840E /* GPXTrack.h */,
				4E1D5A901853085F00C2840E /* GPXTrack.m */,
				4E1D5A911853085F00C2840E /* GPXTrackPoint.h */,
				4E1D5A921853085F00C2840E /* GPXTrackPoint.m */,
				4E1D5A931853085F00C2840E /* GPXTrackSegment.h */,
				4E1D5A941853085F00C2840E /* GPXTrackSegment.m */,
				4E1D5A951853085F00C2840E /* GPXType.h */,
				4E1D5A961853085F00C2840E /* GPXType.m */,
				4E1D5A971853085F00C2840E /* GPXWaypoint.h */,
				4E1D5A981853085F00C2840E /* GPXWaypoint.m */,
				4E1D5A991853085F00C2840E /* GPXXML.h */,
				4E1D5A9A1853085F00C2840E /* GPXXML.m */,
			);
			name = GPX;
			sourceTree = "<group>";
		};
		4E4E620917ADB175000BD16C = {
			isa = PBXGroup;
			children = (
				4E4E621B17ADB175000BD16C /* ElevationTest */,
				4E4E623A17ADB175000BD16C /* ElevationTestTests */,
				4E4E621417ADB175000BD16C /* Frameworks */,
				4E4E621317ADB175000BD16C /* Products */,
			);
			sourceTree = "<group>";
		};
		4E4E621317ADB175000BD16C /* Products */ = {
			isa = PBXGroup;
			children = (
				4E4E621217ADB175000BD16C /* ElevationTest.app */,
				4E4E623317ADB175000BD16C /* ElevationTestTests.xctest */,
			);
			name = Products;
			sourceTree = "<group>";
		};
		4E4E621417ADB175000BD16C /* Frameworks */ = {
			isa = PBXGroup;
			children = (
				4E01BD2A17BB634C00206D8C /* libsqlite3.dylib */,
				4E01BD2817BB633700206D8C /* libz.dylib */,
				4E01BD2617BB633100206D8C /* libiconv.dylib */,
				4E01BD2417BB632C00206D8C /* libstdc++.dylib */,
				4E4E629D17AF1587000BD16C /* MapKit.framework */,
				4E4E621517ADB175000BD16C /* Foundation.framework */,
				4E4E621717ADB175000BD16C /* CoreGraphics.framework */,
				4E4E621917ADB175000BD16C /* UIKit.framework */,
				4E4E623417ADB175000BD16C /* XCTest.framework */,
			);
			name = Frameworks;
			sourceTree = "<group>";
		};
		4E4E621B17ADB175000BD16C /* ElevationTest */ = {
			isa = PBXGroup;
			children = (
				4E4E624D17ADB2EC000BD16C /* external */,
				4E4E622417ADB175000BD16C /* EAIAppDelegate.h */,
				4E4E622517ADB175000BD16C /* EAIAppDelegate.m */,
				4E4E622717ADB175000BD16C /* Main.storyboard */,
				4E4E622A17ADB175000BD16C /* EAIViewController.h */,
				4E4E622B17ADB175000BD16C /* EAIViewController.m */,
				4E4E622D17ADB175000BD16C /* Images.xcassets */,
				4E4E621C17ADB175000BD16C /* Supporting Files */,
				4E4E624A17ADB1A6000BD16C /* EAIElevationTask.h */,
				4E4E624B17ADB1A6000BD16C /* EAIElevationTask.m */,
				4E4E629417ADBB0A000BD16C /* EAILocation.h */,
				4E4E629517ADBB0A000BD16C /* EAILocation.m */,
				4E4E629F17AF1827000BD16C /* EAIElevationProfileView.h */,
				4E4E62A017AF1827000BD16C /* EAIElevationProfileView.m */,
				4E8A880918147F7400303886 /* EAISpeedProfileView.h */,
				4E8A880A18147F7400303886 /* EAISpeedProfileView.m */,
				4E01BD2117BB62DE00206D8C /* GDALUtility.h */,
				4E01BD2217BB62DE00206D8C /* GDALUtility.mm */,
				4E2F4F4917B2282A00BAE0C1 /* EAIActivity.h */,
				4E2F4F4A17B2282A00BAE0C1 /* EAIActivity.m */,
				4E9ED05517B37DCC00BEBF3D /* EAIActivityListViewController.h */,
				4E9ED05617B37DCC00BEBF3D /* EAIActivityListViewController.m */,
			);
			path = ElevationTest;
			sourceTree = "<group>";
		};
		4E4E621C17ADB175000BD16C /* Supporting Files */ = {
			isa = PBXGroup;
			children = (
				4E4E621D17ADB175000BD16C /* ElevationTest-Info.plist */,
				4E4E621E17ADB175000BD16C /* InfoPlist.strings */,
				4E4E622117ADB175000BD16C /* main.m */,
				4E4E622317ADB175000BD16C /* ElevationTest-Prefix.pch */,
			);
			name = "Supporting Files";
			sourceTree = "<group>";
		};
		4E4E623A17ADB175000BD16C /* ElevationTestTests */ = {
			isa = PBXGroup;
			children = (
				4E4E624017ADB175000BD16C /* ElevationTestTests.m */,
				4E4E623B17ADB175000BD16C /* Supporting Files */,
			);
			path = ElevationTestTests;
			sourceTree = "<group>";
		};
		4E4E623B17ADB175000BD16C /* Supporting Files */ = {
			isa = PBXGroup;
			children = (
				4E4E623C17ADB175000BD16C /* ElevationTestTests-Info.plist */,
				4E4E623D17ADB175000BD16C /* InfoPlist.strings */,
			);
			name = "Supporting Files";
			sourceTree = "<group>";
		};
		4E4E624D17ADB2EC000BD16C /* external */ = {
			isa = PBXGroup;
			children = (
				4E1D5A6C1853081C00C2840E /* GPX */,
				4E9ED04F17B37A7A00BEBF3D /* PopoverView */,
				4E4E626F17ADB32F000BD16C /* AFNetworking */,
			);
			name = external;
			sourceTree = "<group>";
		};
		4E4E626F17ADB32F000BD16C /* AFNetworking */ = {
			isa = PBXGroup;
			children = (
				4E4E627017ADB32F000BD16C /* AFHTTPClient.h */,
				4E4E627117ADB32F000BD16C /* AFHTTPClient.m */,
				4E4E627217ADB32F000BD16C /* AFHTTPRequestOperation.h */,
				4E4E627317ADB32F000BD16C /* AFHTTPRequestOperation.m */,
				4E4E627417ADB32F000BD16C /* AFImageRequestOperation.h */,
				4E4E627517ADB32F000BD16C /* AFImageRequestOperation.m */,
				4E4E627617ADB32F000BD16C /* AFJSONRequestOperation.h */,
				4E4E627717ADB32F000BD16C /* AFJSONRequestOperation.m */,
				4E4E627817ADB32F000BD16C /* AFNetworkActivityIndicatorManager.h */,
				4E4E627917ADB32F000BD16C /* AFNetworkActivityIndicatorManager.m */,
				4E4E627A17ADB32F000BD16C /* AFNetworking.h */,
				4E4E627B17ADB32F000BD16C /* AFPropertyListRequestOperation.h */,
				4E4E627C17ADB32F000BD16C /* AFPropertyListRequestOperation.m */,
				4E4E627D17ADB32F000BD16C /* AFURLConnectionOperation.h */,
				4E4E627E17ADB32F000BD16C /* AFURLConnectionOperation.m */,
				4E4E627F17ADB32F000BD16C /* AFXMLRequestOperation.h */,
				4E4E628017ADB32F000BD16C /* AFXMLRequestOperation.m */,
				4E4E628117ADB32F000BD16C /* UIImageView+AFNetworking.h */,
				4E4E628217ADB32F000BD16C /* UIImageView+AFNetworking.m */,
			);
			path = AFNetworking;
			sourceTree = "<group>";
		};
		4E9ED04F17B37A7A00BEBF3D /* PopoverView */ = {
			isa = PBXGroup;
			children = (
				4E9ED05017B37A8500BEBF3D /* PopoverView_Configuration.h */,
				4E9ED05117B37A8500BEBF3D /* PopoverView.h */,
				4E9ED05217B37A8500BEBF3D /* PopoverView.m */,
				4E9ED05317B37A8500BEBF3D /* PopoverViewCompatibility.h */,
			);
			name = PopoverView;
			sourceTree = "<group>";
		};
/* End PBXGroup section */

/* Begin PBXNativeTarget section */
		4E4E621117ADB175000BD16C /* ElevationTest */ = {
			isa = PBXNativeTarget;
			buildConfigurationList = 4E4E624417ADB175000BD16C /* Build configuration list for PBXNativeTarget "ElevationTest" */;
			buildPhases = (
				4E4E620E17ADB175000BD16C /* Sources */,
				4E4E620F17ADB175000BD16C /* Frameworks */,
				4E4E621017ADB175000BD16C /* Resources */,
			);
			buildRules = (
			);
			dependencies = (
			);
			name = ElevationTest;
			productName = ElevationTest;
			productReference = 4E4E621217ADB175000BD16C /* ElevationTest.app */;
			productType = "com.apple.product-type.application";
		};
		4E4E623217ADB175000BD16C /* ElevationTestTests */ = {
			isa = PBXNativeTarget;
			buildConfigurationList = 4E4E624717ADB175000BD16C /* Build configuration list for PBXNativeTarget "ElevationTestTests" */;
			buildPhases = (
				4E4E622F17ADB175000BD16C /* Sources */,
				4E4E623017ADB175000BD16C /* Frameworks */,
				4E4E623117ADB175000BD16C /* Resources */,
			);
			buildRules = (
			);
			dependencies = (
				4E4E623917ADB175000BD16C /* PBXTargetDependency */,
			);
			name = ElevationTestTests;
			productName = ElevationTestTests;
			productReference = 4E4E623317ADB175000BD16C /* ElevationTestTests.xctest */;
			productType = "com.apple.product-type.bundle.unit-test";
		};
/* End PBXNativeTarget section */

/* Begin PBXProject section */
		4E4E620A17ADB175000BD16C /* Project object */ = {
			isa = PBXProject;
			attributes = {
				CLASSPREFIX = EAI;
				LastUpgradeCheck = 0500;
				ORGANIZATIONNAME = "Eric Ito";
				TargetAttributes = {
					4E4E621117ADB175000BD16C = {
						DevelopmentTeam = E9GZR66LB7;
					};
					4E4E623217ADB175000BD16C = {
						TestTargetID = 4E4E621117ADB175000BD16C;
					};
				};
			};
			buildConfigurationList = 4E4E620D17ADB175000BD16C /* Build configuration list for PBXProject "ElevationTest" */;
			compatibilityVersion = "Xcode 3.2";
			developmentRegion = English;
			hasScannedForEncodings = 0;
			knownRegions = (
				en,
				Base,
			);
			mainGroup = 4E4E620917ADB175000BD16C;
			productRefGroup = 4E4E621317ADB175000BD16C /* Products */;
			projectDirPath = "";
			projectRoot = "";
			targets = (
				4E4E621117ADB175000BD16C /* ElevationTest */,
				4E4E623217ADB175000BD16C /* ElevationTestTests */,
			);
		};
/* End PBXProject section */

/* Begin PBXResourcesBuildPhase section */
		4E4E621017ADB175000BD16C /* Resources */ = {
			isa = PBXResourcesBuildPhase;
			buildActionMask = 2147483647;
			files = (
				4E4E622E17ADB175000BD16C /* Images.xcassets in Resources */,
				4E4E622017ADB175000BD16C /* InfoPlist.strings in Resources */,
				4E4E622917ADB175000BD16C /* Main.storyboard in Resources */,
			);
			runOnlyForDeploymentPostprocessing = 0;
		};
		4E4E623117ADB175000BD16C /* Resources */ = {
			isa = PBXResourcesBuildPhase;
			buildActionMask = 2147483647;
			files = (
				4E4E623F17ADB175000BD16C /* InfoPlist.strings in Resources */,
			);
			runOnlyForDeploymentPostprocessing = 0;
		};
/* End PBXResourcesBuildPhase section */

/* Begin PBXSourcesBuildPhase section */
		4E4E620E17ADB175000BD16C /* Sources */ = {
			isa = PBXSourcesBuildPhase;
			buildActionMask = 2147483647;
			files = (
				4E1D5AA11853085F00C2840E /* GPXExtensions.m in Sources */,
				4E8A880B18147F7400303886 /* EAISpeedProfileView.m in Sources */,
				4E1D5A9E1853085F00C2840E /* GPXCopyright.m in Sources */,
				4E4E628917ADB32F000BD16C /* AFURLConnectionOperation.m in Sources */,
				4E1D5A9C1853085F00C2840E /* GPXBounds.m in Sources */,
				4E4E628B17ADB32F000BD16C /* UIImageView+AFNetworking.m in Sources */,
				4E4E62A117AF1827000BD16C /* EAIElevationProfileView.m in Sources */,
				4E1D5A9D1853085F00C2840E /* GPXConst.m in Sources */,
				4E4E628517ADB32F000BD16C /* AFImageRequestOperation.m in Sources */,
				4E2F4F4B17B2282A00BAE0C1 /* EAIActivity.m in Sources */,
				4E1D5AAA1853085F00C2840E /* GPXRoutePoint.m in Sources */,
				4E1D5AA41853085F00C2840E /* GPXParser.m in Sources */,
				4E1D5AA81853085F00C2840E /* GPXRoot.m in Sources */,
				4E1D5A9F1853085F00C2840E /* GPXElement.m in Sources */,
				4E1D5AA01853085F00C2840E /* GPXEmail.m in Sources */,
				4E1D5AA71853085F00C2840E /* GPXPointSegment.m in Sources */,
				4E1D5AA51853085F00C2840E /* GPXPerson.m in Sources */,
				4E1D5AAF1853085F00C2840E /* GPXWaypoint.m in Sources */,
				4E1D5AA91853085F00C2840E /* GPXRoute.m in Sources */,
				4E1D5A9B1853085F00C2840E /* GPXAuthor.m in Sources */,
				4E1D5AA21853085F00C2840E /* GPXLink.m in Sources */,
				4E9ED05417B37A8500BEBF3D /* PopoverView.m in Sources */,
				4E4E628417ADB32F000BD16C /* AFHTTPRequestOperation.m in Sources */,
				4E01BD2317BB62DE00206D8C /* GDALUtility.mm in Sources */,
				4E4E629617ADBB0A000BD16C /* EAILocation.m in Sources */,
				4E4E628317ADB32F000BD16C /* AFHTTPClient.m in Sources */,
				4E1D5AA31853085F00C2840E /* GPXMetadata.m in Sources */,
				4E1D5AB01853085F00C2840E /* GPXXML.m in Sources */,
				4E4E628A17ADB32F000BD16C /* AFXMLRequestOperation.m in Sources */,
				4E4E622617ADB175000BD16C /* EAIAppDelegate.m in Sources */,
				4E1D5AAC1853085F00C2840E /* GPXTrackPoint.m in Sources */,
				4E1D5AAE1853085F00C2840E /* GPXType.m in Sources */,
				4E9ED05717B37DCC00BEBF3D /* EAIActivityListViewController.m in Sources */,
				4E1D5AAD1853085F00C2840E /* GPXTrackSegment.m in Sources */,
				4E4E622C17ADB175000BD16C /* EAIViewController.m in Sources */,
				4E4E624C17ADB1A6000BD16C /* EAIElevationTask.m in Sources */,
				4E4E628617ADB32F000BD16C /* AFJSONRequestOperation.m in Sources */,
				4E4E622217ADB175000BD16C /* main.m in Sources */,
				4E4E628817ADB32F000BD16C /* AFPropertyListRequestOperation.m in Sources */,
				4E1D5AAB1853085F00C2840E /* GPXTrack.m in Sources */,
				4E1D5AA61853085F00C2840E /* GPXPoint.m in Sources */,
				4E4E628717ADB32F000BD16C /* AFNetworkActivityIndicatorManager.m in Sources */,
			);
			runOnlyForDeploymentPostprocessing = 0;
		};
		4E4E622F17ADB175000BD16C /* Sources */ = {
			isa = PBXSourcesBuildPhase;
			buildActionMask = 2147483647;
			files = (
				4E4E624117ADB175000BD16C /* ElevationTestTests.m in Sources */,
			);
			runOnlyForDeploymentPostprocessing = 0;
		};
/* End PBXSourcesBuildPhase section */

/* Begin PBXTargetDependency section */
		4E4E623917ADB175000BD16C /* PBXTargetDependency */ = {
			isa = PBXTargetDependency;
			target = 4E4E621117ADB175000BD16C /* ElevationTest */;
			targetProxy = 4E4E623817ADB175000BD16C /* PBXContainerItemProxy */;
		};
/* End PBXTargetDependency section */

/* Begin PBXVariantGroup section */
		4E4E621E17ADB175000BD16C /* InfoPlist.strings */ = {
			isa = PBXVariantGroup;
			children = (
				4E4E621F17ADB175000BD16C /* en */,
			);
			name = InfoPlist.strings;
			sourceTree = "<group>";
		};
		4E4E622717ADB175000BD16C /* Main.storyboard */ = {
			isa = PBXVariantGroup;
			children = (
				4E4E622817ADB175000BD16C /* Base */,
			);
			name = Main.storyboard;
			sourceTree = "<group>";
		};
		4E4E623D17ADB175000BD16C /* InfoPlist.strings */ = {
			isa = PBXVariantGroup;
			children = (
				4E4E623E17ADB175000BD16C /* en */,
			);
			name = InfoPlist.strings;
			sourceTree = "<group>";
		};
/* End PBXVariantGroup section */

/* Begin XCBuildConfiguration section */
		4E4E624217ADB175000BD16C /* Debug */ = {
			isa = XCBuildConfiguration;
			buildSettings = {
				ALWAYS_SEARCH_USER_PATHS = NO;
				CLANG_CXX_LANGUAGE_STANDARD = "gnu++0x";
				CLANG_CXX_LIBRARY = "libc++";
				CLANG_ENABLE_MODULES = YES;
				CLANG_ENABLE_OBJC_ARC = YES;
				CLANG_WARN_BOOL_CONVERSION = YES;
				CLANG_WARN_CONSTANT_CONVERSION = YES;
				CLANG_WARN_DIRECT_OBJC_ISA_USAGE = YES_ERROR;
				CLANG_WARN_EMPTY_BODY = YES;
				CLANG_WARN_ENUM_CONVERSION = YES;
				CLANG_WARN_INT_CONVERSION = YES;
				CLANG_WARN_OBJC_ROOT_CLASS = YES_ERROR;
				CLANG_WARN__DUPLICATE_METHOD_MATCH = YES;
				"CODE_SIGN_IDENTITY[sdk=iphoneos*]" = "iPhone Developer";
				COPY_PHASE_STRIP = NO;
				GCC_C_LANGUAGE_STANDARD = gnu99;
				GCC_DYNAMIC_NO_PIC = NO;
				GCC_OPTIMIZATION_LEVEL = 0;
				GCC_PREPROCESSOR_DEFINITIONS = (
					"DEBUG=1",
					"$(inherited)",
				);
				GCC_SYMBOLS_PRIVATE_EXTERN = NO;
				GCC_WARN_ABOUT_RETURN_TYPE = YES_ERROR;
				GCC_WARN_UNDECLARED_SELECTOR = YES;
				GCC_WARN_UNINITIALIZED_AUTOS = YES;
				GCC_WARN_UNUSED_FUNCTION = YES;
				GCC_WARN_UNUSED_VARIABLE = YES;
				IPHONEOS_DEPLOYMENT_TARGET = 7.0;
				ONLY_ACTIVE_ARCH = YES;
				SDKROOT = iphoneos;
			};
			name = Debug;
		};
		4E4E624317ADB175000BD16C /* Release */ = {
			isa = XCBuildConfiguration;
			buildSettings = {
				ALWAYS_SEARCH_USER_PATHS = NO;
				CLANG_CXX_LANGUAGE_STANDARD = "gnu++0x";
				CLANG_CXX_LIBRARY = "libc++";
				CLANG_ENABLE_MODULES = YES;
				CLANG_ENABLE_OBJC_ARC = YES;
				CLANG_WARN_BOOL_CONVERSION = YES;
				CLANG_WARN_CONSTANT_CONVERSION = YES;
				CLANG_WARN_DIRECT_OBJC_ISA_USAGE = YES_ERROR;
				CLANG_WARN_EMPTY_BODY = YES;
				CLANG_WARN_ENUM_CONVERSION = YES;
				CLANG_WARN_INT_CONVERSION = YES;
				CLANG_WARN_OBJC_ROOT_CLASS = YES_ERROR;
				CLANG_WARN__DUPLICATE_METHOD_MATCH = YES;
				"CODE_SIGN_IDENTITY[sdk=iphoneos*]" = "iPhone Developer";
				COPY_PHASE_STRIP = YES;
				ENABLE_NS_ASSERTIONS = NO;
				GCC_C_LANGUAGE_STANDARD = gnu99;
				GCC_WARN_ABOUT_RETURN_TYPE = YES_ERROR;
				GCC_WARN_UNDECLARED_SELECTOR = YES;
				GCC_WARN_UNINITIALIZED_AUTOS = YES;
				GCC_WARN_UNUSED_FUNCTION = YES;
				GCC_WARN_UNUSED_VARIABLE = YES;
				IPHONEOS_DEPLOYMENT_TARGET = 7.0;
				SDKROOT = iphoneos;
				VALIDATE_PRODUCT = YES;
			};
			name = Release;
		};
		4E4E624517ADB175000BD16C /* Debug */ = {
			isa = XCBuildConfiguration;
			buildSettings = {
				ASSETCATALOG_COMPILER_APPICON_NAME = AppIcon;
				ASSETCATALOG_COMPILER_LAUNCHIMAGE_NAME = LaunchImage;
				CLANG_CXX_LIBRARY = "libstdc++";
				CODE_SIGN_IDENTITY = "iPhone Developer";
				GCC_PRECOMPILE_PREFIX_HEADER = YES;
				GCC_PREFIX_HEADER = "ElevationTest/ElevationTest-Prefix.pch";
				HEADER_SEARCH_PATHS = (
					"$HOME/Desktop/gdal/include/**",
					"$PROJECT_DIR/**",
				);
				INFOPLIST_FILE = "ElevationTest/ElevationTest-Info.plist";
				IPHONEOS_DEPLOYMENT_TARGET = 6.0;
				LIBRARY_SEARCH_PATHS = "$HOME/Desktop/gdal/lib/**";
				OTHER_LDFLAGS = (
					"-ObjC",
					"-lgdal",
				);
				PRODUCT_NAME = "$(TARGET_NAME)";
				WRAPPER_EXTENSION = app;
			};
			name = Debug;
		};
		4E4E624617ADB175000BD16C /* Release */ = {
			isa = XCBuildConfiguration;
			buildSettings = {
				ASSETCATALOG_COMPILER_APPICON_NAME = AppIcon;
				ASSETCATALOG_COMPILER_LAUNCHIMAGE_NAME = LaunchImage;
				CLANG_CXX_LIBRARY = "libstdc++";
				CODE_SIGN_IDENTITY = "iPhone Developer";
				GCC_PRECOMPILE_PREFIX_HEADER = YES;
				GCC_PREFIX_HEADER = "ElevationTest/ElevationTest-Prefix.pch";
				HEADER_SEARCH_PATHS = (
					"$HOME/Desktop/gdal/include/**",
					"$PROJECT_DIR/**",
				);
				INFOPLIST_FILE = "ElevationTest/ElevationTest-Info.plist";
				IPHONEOS_DEPLOYMENT_TARGET = 6.0;
				LIBRARY_SEARCH_PATHS = "$HOME/Desktop/gdal/lib/**";
				OTHER_LDFLAGS = (
					"-ObjC",
					"-lgdal",
				);
				PRODUCT_NAME = "$(TARGET_NAME)";
				WRAPPER_EXTENSION = app;
			};
			name = Release;
		};
		4E4E624817ADB175000BD16C /* Debug */ = {
			isa = XCBuildConfiguration;
			buildSettings = {
				BUNDLE_LOADER = "$(BUILT_PRODUCTS_DIR)/ElevationTest.app/ElevationTest";
				FRAMEWORK_SEARCH_PATHS = (
					"$(SDKROOT)/Developer/Library/Frameworks",
					"$(inherited)",
					"$(DEVELOPER_FRAMEWORKS_DIR)",
				);
				GCC_PRECOMPILE_PREFIX_HEADER = YES;
				GCC_PREFIX_HEADER = "ElevationTest/ElevationTest-Prefix.pch";
				GCC_PREPROCESSOR_DEFINITIONS = (
					"DEBUG=1",
					"$(inherited)",
				);
				INFOPLIST_FILE = "ElevationTestTests/ElevationTestTests-Info.plist";
				PRODUCT_NAME = "$(TARGET_NAME)";
				TEST_HOST = "$(BUNDLE_LOADER)";
				WRAPPER_EXTENSION = xctest;
			};
			name = Debug;
		};
		4E4E624917ADB175000BD16C /* Release */ = {
			isa = XCBuildConfiguration;
			buildSettings = {
				BUNDLE_LOADER = "$(BUILT_PRODUCTS_DIR)/ElevationTest.app/ElevationTest";
				FRAMEWORK_SEARCH_PATHS = (
					"$(SDKROOT)/Developer/Library/Frameworks",
					"$(inherited)",
					"$(DEVELOPER_FRAMEWORKS_DIR)",
				);
				GCC_PRECOMPILE_PREFIX_HEADER = YES;
				GCC_PREFIX_HEADER = "ElevationTest/ElevationTest-Prefix.pch";
				INFOPLIST_FILE = "ElevationTestTests/ElevationTestTests-Info.plist";
				PRODUCT_NAME = "$(TARGET_NAME)";
				TEST_HOST = "$(BUNDLE_LOADER)";
				WRAPPER_EXTENSION = xctest;
			};
			name = Release;
		};
/* End XCBuildConfiguration section */

/* Begin XCConfigurationList section */
		4E4E620D17ADB175000BD16C /* Build configuration list for PBXProject "ElevationTest" */ = {
			isa = XCConfigurationList;
			buildConfigurations = (
				4E4E624217ADB175000BD16C /* Debug */,
				4E4E624317ADB175000BD16C /* Release */,
			);
			defaultConfigurationIsVisible = 0;
			defaultConfigurationName = Release;
		};
		4E4E624417ADB175000BD16C /* Build configuration list for PBXNativeTarget "ElevationTest" */ = {
			isa = XCConfigurationList;
			buildConfigurations = (
				4E4E624517ADB175000BD16C /* Debug */,
				4E4E624617ADB175000BD16C /* Release */,
			);
			defaultConfigurationIsVisible = 0;
			defaultConfigurationName = Release;
		};
		4E4E624717ADB175000BD16C /* Build configuration list for PBXNativeTarget "ElevationTestTests" */ = {
			isa = XCConfigurationList;
			buildConfigurations = (
				4E4E624817ADB175000BD16C /* Debug */,
				4E4E624917ADB175000BD16C /* Release */,
			);
			defaultConfigurationIsVisible = 0;
			defaultConfigurationName = Release;
		};
/* End XCConfigurationList section */
	};
	rootObject = 4E4E620A17ADB175000BD16C /* Project object */;
}
